
Microsoft Visual Studio Solution File, Format Version 12.00
# Visual Studio Version 16
VisualStudioVersion = 16.0.30804.86
MinimumVisualStudioVersion = 10.0.40219.1
Project("{FAE04EC0-301F-11D3-BF4B-00C04F79EFBC}") = "HomeInventoryApp", "HomeInventoryApp\HomeInventoryApp.csproj", "{9AD04DFE-5850-4450-B79F-F04FF16638DD}"
EndProject
Project("{FAE04EC0-301F-11D3-BF4B-00C04F79EFBC}") = "InventoryItemsDB", "InventoryItemsDB\InventoryItemsDB.csproj", "{ABB300B9-23E6-4346-834E-9BEC91188CAB}"
EndProject
Project("{FAE04EC0-301F-11D3-BF4B-00C04F79EFBC}") = "HomeInventoryRepository", "HomeInventoryRepository\HomeInventoryRepository.csproj", "{0E0797B8-371F-48B3-A88C-6919BD69095E}"
EndProject
Global
	GlobalSection(SolutionConfigurationPlatforms) = preSolution
		Debug|Any CPU = Debug|Any CPU
		Release|Any CPU = Release|Any CPU
	EndGlobalSection
	GlobalSection(ProjectConfigurationPlatforms) = postSolution
		{9AD04DFE-5850-4450-B79F-F04FF16638DD}.Debug|Any CPU.ActiveCfg = Debug|Any CPU
		{9AD04DFE-5850-4450-B79F-F04FF16638DD}.Debug|Any CPU.Build.0 = Debug|Any CPU
		{9AD04DFE-5850-4450-B79F-F04FF16638DD}.Release|Any CPU.ActiveCfg = Release|Any CPU
		{9AD04DFE-5850-4450-B79F-F04FF16638DD}.Release|Any CPU.Build.0 = Release|Any CPU
		{ABB300B9-23E6-4346-834E-9BEC91188CAB}.Debug|Any CPU.ActiveCfg = Debug|Any CPU
		{ABB300B9-23E6-4346-834E-9BEC91188CAB}.Debug|Any CPU.Build.0 = Debug|Any CPU
		{ABB300B9-23E6-4346-834E-9BEC91188CAB}.Release|Any CPU.ActiveCfg = Release|Any CPU
		{ABB300B9-23E6-4346-834E-9BEC91188CAB}.Release|Any CPU.Build.0 = Release|Any CPU
		{0E0797B8-371F-48B3-A88C-6919BD69095E}.Debug|Any CPU.ActiveCfg = Debug|Any CPU
		{0E0797B8-371F-48B3-A88C-6919BD69095E}.Debug|Any CPU.Build.0 = Debug|Any CPU
		{0E0797B8-371F-48B3-A88C-6919BD69095E}.Release|Any CPU.ActiveCfg = Release|Any CPU
		{0E0797B8-371F-48B3-A88C-6919BD69095E}.Release|Any CPU.Build.0 = Release|Any CPU
	EndGlobalSection
	GlobalSection(SolutionProperties) = preSolution
		HideSolutionNode = FALSE
	EndGlobalSection
	GlobalSection(ExtensibilityGlobals) = postSolution
		SolutionGuid = {23574E16-4C43-4EC3-9865-8CAD1B94A0B0}
	EndGlobalSection
EndGlobal
