
Microsoft Visual Studio Solution File, Format Version 12.00
# Visual Studio Version 16
VisualStudioVersion = 16.0.30804.86
MinimumVisualStudioVersion = 10.0.40219.1
Project("{FAE04EC0-301F-11D3-BF4B-00C04F79EFBC}") = "Homework4", "Homework4.csproj", "{065B7234-D51A-46FF-B321-A72DA9345B5B}"
EndProject
Global
	GlobalSection(SolutionConfigurationPlatforms) = preSolution
		Debug|Any CPU = Debug|Any CPU
		Release|Any CPU = Release|Any CPU
	EndGlobalSection
	GlobalSection(ProjectConfigurationPlatforms) = postSolution
		{065B7234-D51A-46FF-B321-A72DA9345B5B}.Debug|Any CPU.ActiveCfg = Debug|Any CPU
		{065B7234-D51A-46FF-B321-A72DA9345B5B}.Debug|Any CPU.Build.0 = Debug|Any CPU
		{065B7234-D51A-46FF-B321-A72DA9345B5B}.Release|Any CPU.ActiveCfg = Release|Any CPU
		{065B7234-D51A-46FF-B321-A72DA9345B5B}.Release|Any CPU.Build.0 = Release|Any CPU
	EndGlobalSection
	GlobalSection(SolutionProperties) = preSolution
		HideSolutionNode = FALSE
	EndGlobalSection
	GlobalSection(ExtensibilityGlobals) = postSolution
		SolutionGuid = {54759CCD-92EB-4085-A592-DBC4374021E6}
	EndGlobalSection
EndGlobal
